{
  "name": "Training.JavaScript",
  "version": "1.0.0",
  "dependencies": {
    "core-js": {
      "version": "2.4.1",
      "from": "core-js@>=2.4.1 <3.0.0",
      "resolved": "https://registry.npm.taobao.org/core-js/download/core-js-2.4.1.tgz"
    },
    "url-search-params": {
      "version": "0.8.0",
      "from": "url-search-params@>=0.8.0 <0.9.0",
      "resolved": "https://registry.npm.taobao.org/url-search-params/download/url-search-params-0.8.0.tgz"
    }
  }
}
